// !$*UTF8*$!
{
	archiveVersion = 1;
	classes = {
	};
	objectVersion = 56;
	objects = {

/* Begin PBXBuildFile section */
		BF164ED729BC76240062C04E /* LearnEnglishByChatGPTApp.swift in Sources */ = {isa = PBXBuildFile; fileRef = BF164ED629BC76240062C04E /* LearnEnglishByChatGPTApp.swift */; };
		BF164ED929BC76240062C04E /* ContentView.swift in Sources */ = {isa = PBXBuildFile; fileRef = BF164ED829BC76240062C04E /* ContentView.swift */; };
		BF164EDB29BC76250062C04E /* Assets.xcassets in Resources */ = {isa = PBXBuildFile; fileRef = BF164EDA29BC76250062C04E /* Assets.xcassets */; };
		BF164EDE29BC76250062C04E /* Preview Assets.xcassets in Resources */ = {isa = PBXBuildFile; fileRef = BF164EDD29BC76250062C04E /* Preview Assets.xcassets */; };
		BF164EE529BC77740062C04E /* Model.swift in Sources */ = {isa = PBXBuildFile; fileRef = BF164EE429BC77740062C04E /* Model.swift */; };
		BF164EE729BC77AD0062C04E /* ViewModel.swift in Sources */ = {isa = PBXBuildFile; fileRef = BF164EE629BC77AD0062C04E /* ViewModel.swift */; };
		BF164EE929BC7B7F0062C04E /* WelcomeView.swift in Sources */ = {isa = PBXBuildFile; fileRef = BF164EE829BC7B7F0062C04E /* WelcomeView.swift */; };
		BF164EEB29BC7DBF0062C04E /* ArticleView.swift in Sources */ = {isa = PBXBuildFile; fileRef = BF164EEA29BC7DBF0062C04E /* ArticleView.swift */; };
		BF164EEE29BC81A70062C04E /* FetchGPT.swift in Sources */ = {isa = PBXBuildFile; fileRef = BF164EED29BC81A70062C04E /* FetchGPT.swift */; };
		BF164EF029BC9E3E0062C04E /* DummyData.swift in Sources */ = {isa = PBXBuildFile; fileRef = BF164EEF29BC9E3E0062C04E /* DummyData.swift */; };
		BF164EF329BCD34C0062C04E /* Constants.swift in Sources */ = {isa = PBXBuildFile; fileRef = BF164EF229BCD34C0062C04E /* Constants.swift */; };
/* End PBXBuildFile section */

/* Begin PBXFileReference section */
		BF164ED329BC76240062C04E /* LearnEnglishByChatGPT.app */ = {isa = PBXFileReference; explicitFileType = wrapper.application; includeInIndex = 0; path = LearnEnglishByChatGPT.app; sourceTree = BUILT_PRODUCTS_DIR; };
		BF164ED629BC76240062C04E /* LearnEnglishByChatGPTApp.swift */ = {isa = PBXFileReference; lastKnownFileType = sourcecode.swift; path = LearnEnglishByChatGPTApp.swift; sourceTree = "<group>"; };
		BF164ED829BC76240062C04E /* ContentView.swift */ = {isa = PBXFileReference; lastKnownFileType = sourcecode.swift; path = ContentView.swift; sourceTree = "<group>"; };
		BF164EDA29BC76250062C04E /* Assets.xcassets */ = {isa = PBXFileReference; lastKnownFileType = folder.assetcatalog; path = Assets.xcassets; sourceTree = "<group>"; };
		BF164EDD29BC76250062C04E /* Preview Assets.xcassets */ = {isa = PBXFileReference; lastKnownFileType = folder.assetcatalog; path = "Preview Assets.xcassets"; sourceTree = "<group>"; };
		BF164EE429BC77740062C04E /* Model.swift */ = {isa = PBXFileReference; lastKnownFileType = sourcecode.swift; path = Model.swift; sourceTree = "<group>"; };
		BF164EE629BC77AD0062C04E /* ViewModel.swift */ = {isa = PBXFileReference; lastKnownFileType = sourcecode.swift; path = ViewModel.swift; sourceTree = "<group>"; };
		BF164EE829BC7B7F0062C04E /* WelcomeView.swift */ = {isa = PBXFileReference; lastKnownFileType = sourcecode.swift; path = WelcomeView.swift; sourceTree = "<group>"; };
		BF164EEA29BC7DBF0062C04E /* ArticleView.swift */ = {isa = PBXFileReference; lastKnownFileType = sourcecode.swift; path = ArticleView.swift; sourceTree = "<group>"; };
		BF164EED29BC81A70062C04E /* FetchGPT.swift */ = {isa = PBXFileReference; lastKnownFileType = sourcecode.swift; path = FetchGPT.swift; sourceTree = "<group>"; };
		BF164EEF29BC9E3E0062C04E /* DummyData.swift */ = {isa = PBXFileReference; lastKnownFileType = sourcecode.swift; path = DummyData.swift; sourceTree = "<group>"; };
		BF164EF229BCD34C0062C04E /* Constants.swift */ = {isa = PBXFileReference; lastKnownFileType = sourcecode.swift; path = Constants.swift; sourceTree = "<group>"; };
/* End PBXFileReference section */

/* Begin PBXFrameworksBuildPhase section */
		BF164ED029BC76240062C04E /* Frameworks */ = {
			isa = PBXFrameworksBuildPhase;
			buildActionMask = 2147483647;
			files = (
			);
			runOnlyForDeploymentPostprocessing = 0;
		};
/* End PBXFrameworksBuildPhase section */

/* Begin PBXGroup section */
		BF164ECA29BC76240062C04E = {
			isa = PBXGroup;
			children = (
				BF164ED529BC76240062C04E /* LearnEnglishByChatGPT */,
				BF164ED429BC76240062C04E /* Products */,
			);
			sourceTree = "<group>";
		};
		BF164ED429BC76240062C04E /* Products */ = {
			isa = PBXGroup;
			children = (
				BF164ED329BC76240062C04E /* LearnEnglishByChatGPT.app */,
			);
			name = Products;
			sourceTree = "<group>";
		};
		BF164ED529BC76240062C04E /* LearnEnglishByChatGPT */ = {
			isa = PBXGroup;
			children = (
				BF164ED629BC76240062C04E /* LearnEnglishByChatGPTApp.swift */,
				BF164EE429BC77740062C04E /* Model.swift */,
				BF164EE629BC77AD0062C04E /* ViewModel.swift */,
				BF164EED29BC81A70062C04E /* FetchGPT.swift */,
				BF164EEC29BC7DC50062C04E /* View */,
				BF164EDA29BC76250062C04E /* Assets.xcassets */,
				BF164EEF29BC9E3E0062C04E /* DummyData.swift */,
				BF164EF229BCD34C0062C04E /* Constants.swift */,
				BF164EDC29BC76250062C04E /* Preview Content */,
			);
			path = LearnEnglishByChatGPT;
			sourceTree = "<group>";
		};
		BF164EDC29BC76250062C04E /* Preview Content */ = {
			isa = PBXGroup;
			children = (
				BF164EDD29BC76250062C04E /* Preview Assets.xcassets */,
			);
			path = "Preview Content";
			sourceTree = "<group>";
		};
		BF164EEC29BC7DC50062C04E /* View */ = {
			isa = PBXGroup;
			children = (
				BF164EE829BC7B7F0062C04E /* WelcomeView.swift */,
				BF164ED829BC76240062C04E /* ContentView.swift */,
				BF164EEA29BC7DBF0062C04E /* ArticleView.swift */,
			);
			path = View;
			sourceTree = "<group>";
		};
/* End PBXGroup section */

/* Begin PBXNativeTarget section */
		BF164ED229BC76240062C04E /* LearnEnglishByChatGPT */ = {
			isa = PBXNativeTarget;
			buildConfigurationList = BF164EE129BC76250062C04E /* Build configuration list for PBXNativeTarget "LearnEnglishByChatGPT" */;
			buildPhases = (
				BF164ECF29BC76240062C04E /* Sources */,
				BF164ED029BC76240062C04E /* Frameworks */,
				BF164ED129BC76240062C04E /* Resources */,
			);
			buildRules = (
			);
			dependencies = (
			);
			name = LearnEnglishByChatGPT;
			productName = LearnEnglishByChatGPT;
			productReference = BF164ED329BC76240062C04E /* LearnEnglishByChatGPT.app */;
			productType = "com.apple.product-type.application";
		};
/* End PBXNativeTarget section */

/* Begin PBXProject section */
		BF164ECB29BC76240062C04E /* Project object */ = {
			isa = PBXProject;
			attributes = {
				BuildIndependentTargetsInParallel = 1;
				LastSwiftUpdateCheck = 1420;
				LastUpgradeCheck = 1420;
				TargetAttributes = {
					BF164ED229BC76240062C04E = {
						CreatedOnToolsVersion = 14.2;
					};
				};
			};
			buildConfigurationList = BF164ECE29BC76240062C04E /* Build configuration list for PBXProject "LearnEnglishByChatGPT" */;
			compatibilityVersion = "Xcode 14.0";
			developmentRegion = en;
			hasScannedForEncodings = 0;
			knownRegions = (
				en,
				Base,
			);
			mainGroup = BF164ECA29BC76240062C04E;
			productRefGroup = BF164ED429BC76240062C04E /* Products */;
			projectDirPath = "";
			projectRoot = "";
			targets = (
				BF164ED229BC76240062C04E /* LearnEnglishByChatGPT */,
			);
		};
/* End PBXProject section */

/* Begin PBXResourcesBuildPhase section */
		BF164ED129BC76240062C04E /* Resources */ = {
			isa = PBXResourcesBuildPhase;
			buildActionMask = 2147483647;
			files = (
				BF164EDE29BC76250062C04E /* Preview Assets.xcassets in Resources */,
				BF164EDB29BC76250062C04E /* Assets.xcassets in Resources */,
			);
			runOnlyForDeploymentPostprocessing = 0;
		};
/* End PBXResourcesBuildPhase section */

/* Begin PBXSourcesBuildPhase section */
		BF164ECF29BC76240062C04E /* Sources */ = {
			isa = PBXSourcesBuildPhase;
			buildActionMask = 2147483647;
			files = (
				BF164EF029BC9E3E0062C04E /* DummyData.swift in Sources */,
				BF164EE929BC7B7F0062C04E /* WelcomeView.swift in Sources */,
				BF164EEB29BC7DBF0062C04E /* ArticleView.swift in Sources */,
				BF164EE529BC77740062C04E /* Model.swift in Sources */,
				BF164ED929BC76240062C04E /* ContentView.swift in Sources */,
				BF164EE729BC77AD0062C04E /* ViewModel.swift in Sources */,
				BF164EEE29BC81A70062C04E /* FetchGPT.swift in Sources */,
				BF164ED729BC76240062C04E /* LearnEnglishByChatGPTApp.swift in Sources */,
				BF164EF329BCD34C0062C04E /* Constants.swift in Sources */,
			);
			runOnlyForDeploymentPostprocessing = 0;
		};
/* End PBXSourcesBuildPhase section */

/* Begin XCBuildConfiguration section */
		BF164EDF29BC76250062C04E /* Debug */ = {
			isa = XCBuildConfiguration;
			buildSettings = {
				ALWAYS_SEARCH_USER_PATHS = NO;
				CLANG_ANALYZER_NONNULL = YES;
				CLANG_ANALYZER_NUMBER_OBJECT_CONVERSION = YES_AGGRESSIVE;
				CLANG_CXX_LANGUAGE_STANDARD = "gnu++20";
				CLANG_ENABLE_MODULES = YES;
				CLANG_ENABLE_OBJC_ARC = YES;
				CLANG_ENABLE_OBJC_WEAK = YES;
				CLANG_WARN_BLOCK_CAPTURE_AUTORELEASING = YES;
				CLANG_WARN_BOOL_CONVERSION = YES;
				CLANG_WARN_COMMA = YES;
				CLANG_WARN_CONSTANT_CONVERSION = YES;
				CLANG_WARN_DEPRECATED_OBJC_IMPLEMENTATIONS = YES;
				CLANG_WARN_DIRECT_OBJC_ISA_USAGE = YES_ERROR;
				CLANG_WARN_DOCUMENTATION_COMMENTS = YES;
				CLANG_WARN_EMPTY_BODY = YES;
				CLANG_WARN_ENUM_CONVERSION = YES;
				CLANG_WARN_INFINITE_RECURSION = YES;
				CLANG_WARN_INT_CONVERSION = YES;
				CLANG_WARN_NON_LITERAL_NULL_CONVERSION = YES;
				CLANG_WARN_OBJC_IMPLICIT_RETAIN_SELF = YES;
				CLANG_WARN_OBJC_LITERAL_CONVERSION = YES;
				CLANG_WARN_OBJC_ROOT_CLASS = YES_ERROR;
				CLANG_WARN_QUOTED_INCLUDE_IN_FRAMEWORK_HEADER = YES;
				CLANG_WARN_RANGE_LOOP_ANALYSIS = YES;
				CLANG_WARN_STRICT_PROTOTYPES = YES;
				CLANG_WARN_SUSPICIOUS_MOVE = YES;
				CLANG_WARN_UNGUARDED_AVAILABILITY = YES_AGGRESSIVE;
				CLANG_WARN_UNREACHABLE_CODE = YES;
				CLANG_WARN__DUPLICATE_METHOD_MATCH = YES;
				COPY_PHASE_STRIP = NO;
				DEBUG_INFORMATION_FORMAT = dwarf;
				ENABLE_STRICT_OBJC_MSGSEND = YES;
				ENABLE_TESTABILITY = YES;
				GCC_C_LANGUAGE_STANDARD = gnu11;
				GCC_DYNAMIC_NO_PIC = NO;
				GCC_NO_COMMON_BLOCKS = YES;
				GCC_OPTIMIZATION_LEVEL = 0;
				GCC_PREPROCESSOR_DEFINITIONS = (
					"DEBUG=1",
					"$(inherited)",
				);
				GCC_WARN_64_TO_32_BIT_CONVERSION = YES;
				GCC_WARN_ABOUT_RETURN_TYPE = YES_ERROR;
				GCC_WARN_UNDECLARED_SELECTOR = YES;
				GCC_WARN_UNINITIALIZED_AUTOS = YES_AGGRESSIVE;
				GCC_WARN_UNUSED_FUNCTION = YES;
				GCC_WARN_UNUSED_VARIABLE = YES;
				IPHONEOS_DEPLOYMENT_TARGET = 16.2;
				MTL_ENABLE_DEBUG_INFO = INCLUDE_SOURCE;
				MTL_FAST_MATH = YES;
				ONLY_ACTIVE_ARCH = YES;
				SDKROOT = iphoneos;
				SWIFT_ACTIVE_COMPILATION_CONDITIONS = DEBUG;
				SWIFT_OPTIMIZATION_LEVEL = "-Onone";
			};
			name = Debug;
		};
		BF164EE029BC76250062C04E /* Release */ = {
			isa = XCBuildConfiguration;
			buildSettings = {
				ALWAYS_SEARCH_USER_PATHS = NO;
				CLANG_ANALYZER_NONNULL = YES;
				CLANG_ANALYZER_NUMBER_OBJECT_CONVERSION = YES_AGGRESSIVE;
				CLANG_CXX_LANGUAGE_STANDARD = "gnu++20";
				CLANG_ENABLE_MODULES = YES;
				CLANG_ENABLE_OBJC_ARC = YES;
				CLANG_ENABLE_OBJC_WEAK = YES;
				CLANG_WARN_BLOCK_CAPTURE_AUTORELEASING = YES;
				CLANG_WARN_BOOL_CONVERSION = YES;
				CLANG_WARN_COMMA = YES;
				CLANG_WARN_CONSTANT_CONVERSION = YES;
				CLANG_WARN_DEPRECATED_OBJC_IMPLEMENTATIONS = YES;
				CLANG_WARN_DIRECT_OBJC_ISA_USAGE = YES_ERROR;
				CLANG_WARN_DOCUMENTATION_COMMENTS = YES;
				CLANG_WARN_EMPTY_BODY = YES;
				CLANG_WARN_ENUM_CONVERSION = YES;
				CLANG_WARN_INFINITE_RECURSION = YES;
				CLANG_WARN_INT_CONVERSION = YES;
				CLANG_WARN_NON_LITERAL_NULL_CONVERSION = YES;
				CLANG_WARN_OBJC_IMPLICIT_RETAIN_SELF = YES;
				CLANG_WARN_OBJC_LITERAL_CONVERSION = YES;
				CLANG_WARN_OBJC_ROOT_CLASS = YES_ERROR;
				CLANG_WARN_QUOTED_INCLUDE_IN_FRAMEWORK_HEADER = YES;
				CLANG_WARN_RANGE_LOOP_ANALYSIS = YES;
				CLANG_WARN_STRICT_PROTOTYPES = YES;
				CLANG_WARN_SUSPICIOUS_MOVE = YES;
				CLANG_WARN_UNGUARDED_AVAILABILITY = YES_AGGRESSIVE;
				CLANG_WARN_UNREACHABLE_CODE = YES;
				CLANG_WARN__DUPLICATE_METHOD_MATCH = YES;
				COPY_PHASE_STRIP = NO;
				DEBUG_INFORMATION_FORMAT = "dwarf-with-dsym";
				ENABLE_NS_ASSERTIONS = NO;
				ENABLE_STRICT_OBJC_MSGSEND = YES;
				GCC_C_LANGUAGE_STANDARD = gnu11;
				GCC_NO_COMMON_BLOCKS = YES;
				GCC_WARN_64_TO_32_BIT_CONVERSION = YES;
				GCC_WARN_ABOUT_RETURN_TYPE = YES_ERROR;
				GCC_WARN_UNDECLARED_SELECTOR = YES;
				GCC_WARN_UNINITIALIZED_AUTOS = YES_AGGRESSIVE;
				GCC_WARN_UNUSED_FUNCTION = YES;
				GCC_WARN_UNUSED_VARIABLE = YES;
				IPHONEOS_DEPLOYMENT_TARGET = 16.2;
				MTL_ENABLE_DEBUG_INFO = NO;
				MTL_FAST_MATH = YES;
				SDKROOT = iphoneos;
				SWIFT_COMPILATION_MODE = wholemodule;
				SWIFT_OPTIMIZATION_LEVEL = "-O";
				VALIDATE_PRODUCT = YES;
			};
			name = Release;
		};
		BF164EE229BC76250062C04E /* Debug */ = {
			isa = XCBuildConfiguration;
			buildSettings = {
				ASSETCATALOG_COMPILER_APPICON_NAME = AppIcon;
				ASSETCATALOG_COMPILER_GLOBAL_ACCENT_COLOR_NAME = AccentColor;
				CODE_SIGN_STYLE = Automatic;
				CURRENT_PROJECT_VERSION = 1;
				DEVELOPMENT_ASSET_PATHS = "\"LearnEnglishByChatGPT/Preview Content\"";
				DEVELOPMENT_TEAM = 498CK33283;
				ENABLE_PREVIEWS = YES;
				GENERATE_INFOPLIST_FILE = YES;
				INFOPLIST_KEY_UIApplicationSceneManifest_Generation = YES;
				INFOPLIST_KEY_UIApplicationSupportsIndirectInputEvents = YES;
				INFOPLIST_KEY_UILaunchScreen_Generation = YES;
				INFOPLIST_KEY_UISupportedInterfaceOrientations_iPad = "UIInterfaceOrientationPortrait UIInterfaceOrientationPortraitUpsideDown UIInterfaceOrientationLandscapeLeft UIInterfaceOrientationLandscapeRight";
				INFOPLIST_KEY_UISupportedInterfaceOrientations_iPhone = "UIInterfaceOrientationPortrait UIInterfaceOrientationLandscapeLeft UIInterfaceOrientationLandscapeRight";
				LD_RUNPATH_SEARCH_PATHS = (
					"$(inherited)",
					"@executable_path/Frameworks",
				);
				MARKETING_VERSION = 1.0;
				PRODUCT_BUNDLE_IDENTIFIER = "com.teki-ho.LearnEnglishByChatGPT";
				PRODUCT_NAME = "$(TARGET_NAME)";
				SWIFT_EMIT_LOC_STRINGS = YES;
				SWIFT_VERSION = 5.0;
				TARGETED_DEVICE_FAMILY = "1,2";
			};
			name = Debug;
		};
		BF164EE329BC76250062C04E /* Release */ = {
			isa = XCBuildConfiguration;
			buildSettings = {
				ASSETCATALOG_COMPILER_APPICON_NAME = AppIcon;
				ASSETCATALOG_COMPILER_GLOBAL_ACCENT_COLOR_NAME = AccentColor;
				CODE_SIGN_STYLE = Automatic;
				CURRENT_PROJECT_VERSION = 1;
				DEVELOPMENT_ASSET_PATHS = "\"LearnEnglishByChatGPT/Preview Content\"";
				DEVELOPMENT_TEAM = 498CK33283;
				ENABLE_PREVIEWS = YES;
				GENERATE_INFOPLIST_FILE = YES;
				INFOPLIST_KEY_UIApplicationSceneManifest_Generation = YES;
				INFOPLIST_KEY_UIApplicationSupportsIndirectInputEvents = YES;
				INFOPLIST_KEY_UILaunchScreen_Generation = YES;
				INFOPLIST_KEY_UISupportedInterfaceOrientations_iPad = "UIInterfaceOrientationPortrait UIInterfaceOrientationPortraitUpsideDown UIInterfaceOrientationLandscapeLeft UIInterfaceOrientationLandscapeRight";
				INFOPLIST_KEY_UISupportedInterfaceOrientations_iPhone = "UIInterfaceOrientationPortrait UIInterfaceOrientationLandscapeLeft UIInterfaceOrientationLandscapeRight";
				LD_RUNPATH_SEARCH_PATHS = (
					"$(inherited)",
					"@executable_path/Frameworks",
				);
				MARKETING_VERSION = 1.0;
				PRODUCT_BUNDLE_IDENTIFIER = "com.teki-ho.LearnEnglishByChatGPT";
				PRODUCT_NAME = "$(TARGET_NAME)";
				SWIFT_EMIT_LOC_STRINGS = YES;
				SWIFT_VERSION = 5.0;
				TARGETED_DEVICE_FAMILY = "1,2";
			};
			name = Release;
		};
/* End XCBuildConfiguration section */

/* Begin XCConfigurationList section */
		BF164ECE29BC76240062C04E /* Build configuration list for PBXProject "LearnEnglishByChatGPT" */ = {
			isa = XCConfigurationList;
			buildConfigurations = (
				BF164EDF29BC76250062C04E /* Debug */,
				BF164EE029BC76250062C04E /* Release */,
			);
			defaultConfigurationIsVisible = 0;
			defaultConfigurationName = Release;
		};
		BF164EE129BC76250062C04E /* Build configuration list for PBXNativeTarget "LearnEnglishByChatGPT" */ = {
			isa = XCConfigurationList;
			buildConfigurations = (
				BF164EE229BC76250062C04E /* Debug */,
				BF164EE329BC76250062C04E /* Release */,
			);
			defaultConfigurationIsVisible = 0;
			defaultConfigurationName = Release;
		};
/* End XCConfigurationList section */
	};
	rootObject = BF164ECB29BC76240062C04E /* Project object */;
}
